// !$*UTF8*$!
{
	archiveVersion = 1;
	classes = {
	};
	objectVersion = 46;
	objects = {

/* Begin PBXBuildFile section */
		2944291B91E34A3B9FC55711 /* libPods-JHZigbangTest.a in Frameworks */ = {isa = PBXBuildFile; fileRef = 43EBFD0A5895B361EECBD3C5 /* libPods-JHZigbangTest.a */; };
		3F5876D51ECD664A0066A7D6 /* mobile.json in Resources */ = {isa = PBXBuildFile; fileRef = 3F5876D41ECD664A0066A7D6 /* mobile.json */; };
		3FC95BBA1ECD61C900758A3F /* JHDataSet.m in Sources */ = {isa = PBXBuildFile; fileRef = 3FC95BB91ECD61C900758A3F /* JHDataSet.m */; };
		3FDFEECA1ECD819300CFC1EF /* DataCenter.m in Sources */ = {isa = PBXBuildFile; fileRef = 3FDFEEC91ECD819300CFC1EF /* DataCenter.m */; };
		3FDFEECD1ECD83CC00CFC1EF /* FakeServer.m in Sources */ = {isa = PBXBuildFile; fileRef = 3FDFEECC1ECD83CC00CFC1EF /* FakeServer.m */; };
		3FFE85A11ECD46BA002A54EB /* main.m in Sources */ = {isa = PBXBuildFile; fileRef = 3FFE85A01ECD46BA002A54EB /* main.m */; };
		3FFE85A41ECD46BA002A54EB /* AppDelegate.m in Sources */ = {isa = PBXBuildFile; fileRef = 3FFE85A31ECD46BA002A54EB /* AppDelegate.m */; };
		3FFE85A71ECD46BA002A54EB /* MainViewController.m in Sources */ = {isa = PBXBuildFile; fileRef = 3FFE85A61ECD46BA002A54EB /* MainViewController.m */; };
		3FFE85AA1ECD46BA002A54EB /* Main.storyboard in Resources */ = {isa = PBXBuildFile; fileRef = 3FFE85A81ECD46BA002A54EB /* Main.storyboard */; };
		3FFE85AC1ECD46BA002A54EB /* Assets.xcassets in Resources */ = {isa = PBXBuildFile; fileRef = 3FFE85AB1ECD46BA002A54EB /* Assets.xcassets */; };
		3FFE85AF1ECD46BA002A54EB /* LaunchScreen.storyboard in Resources */ = {isa = PBXBuildFile; fileRef = 3FFE85AD1ECD46BA002A54EB /* LaunchScreen.storyboard */; };
/* End PBXBuildFile section */

/* Begin PBXFileReference section */
		3F5876D41ECD664A0066A7D6 /* mobile.json */ = {isa = PBXFileReference; fileEncoding = 4; lastKnownFileType = text.json; path = mobile.json; sourceTree = "<group>"; };
		3FA80C3E1ECD49DF00A0935E /* PrefixHeader.pch */ = {isa = PBXFileReference; fileEncoding = 4; lastKnownFileType = sourcecode.c.h; path = PrefixHeader.pch; sourceTree = "<group>"; };
		3FC95BB81ECD61C900758A3F /* JHDataSet.h */ = {isa = PBXFileReference; fileEncoding = 4; lastKnownFileType = sourcecode.c.h; path = JHDataSet.h; sourceTree = "<group>"; };
		3FC95BB91ECD61C900758A3F /* JHDataSet.m */ = {isa = PBXFileReference; fileEncoding = 4; lastKnownFileType = sourcecode.c.objc; path = JHDataSet.m; sourceTree = "<group>"; };
		3FDFEEC81ECD819300CFC1EF /* DataCenter.h */ = {isa = PBXFileReference; fileEncoding = 4; lastKnownFileType = sourcecode.c.h; path = DataCenter.h; sourceTree = "<group>"; };
		3FDFEEC91ECD819300CFC1EF /* DataCenter.m */ = {isa = PBXFileReference; fileEncoding = 4; lastKnownFileType = sourcecode.c.objc; path = DataCenter.m; sourceTree = "<group>"; };
		3FDFEECB1ECD83CC00CFC1EF /* FakeServer.h */ = {isa = PBXFileReference; fileEncoding = 4; lastKnownFileType = sourcecode.c.h; path = FakeServer.h; sourceTree = "<group>"; };
		3FDFEECC1ECD83CC00CFC1EF /* FakeServer.m */ = {isa = PBXFileReference; fileEncoding = 4; lastKnownFileType = sourcecode.c.objc; path = FakeServer.m; sourceTree = "<group>"; };
		3FFE859C1ECD46BA002A54EB /* JHZigbangTest.app */ = {isa = PBXFileReference; explicitFileType = wrapper.application; includeInIndex = 0; path = JHZigbangTest.app; sourceTree = BUILT_PRODUCTS_DIR; };
		3FFE85A01ECD46BA002A54EB /* main.m */ = {isa = PBXFileReference; lastKnownFileType = sourcecode.c.objc; path = main.m; sourceTree = "<group>"; };
		3FFE85A21ECD46BA002A54EB /* AppDelegate.h */ = {isa = PBXFileReference; lastKnownFileType = sourcecode.c.h; path = AppDelegate.h; sourceTree = "<group>"; };
		3FFE85A31ECD46BA002A54EB /* AppDelegate.m */ = {isa = PBXFileReference; lastKnownFileType = sourcecode.c.objc; path = AppDelegate.m; sourceTree = "<group>"; };
		3FFE85A51ECD46BA002A54EB /* MainViewController.h */ = {isa = PBXFileReference; lastKnownFileType = sourcecode.c.h; path = MainViewController.h; sourceTree = "<group>"; };
		3FFE85A61ECD46BA002A54EB /* MainViewController.m */ = {isa = PBXFileReference; lastKnownFileType = sourcecode.c.objc; path = MainViewController.m; sourceTree = "<group>"; };
		3FFE85A91ECD46BA002A54EB /* Base */ = {isa = PBXFileReference; lastKnownFileType = file.storyboard; name = Base; path = Base.lproj/Main.storyboard; sourceTree = "<group>"; };
		3FFE85AB1ECD46BA002A54EB /* Assets.xcassets */ = {isa = PBXFileReference; lastKnownFileType = folder.assetcatalog; path = Assets.xcassets; sourceTree = "<group>"; };
		3FFE85AE1ECD46BA002A54EB /* Base */ = {isa = PBXFileReference; lastKnownFileType = file.storyboard; name = Base; path = Base.lproj/LaunchScreen.storyboard; sourceTree = "<group>"; };
		3FFE85B01ECD46BA002A54EB /* Info.plist */ = {isa = PBXFileReference; lastKnownFileType = text.plist.xml; path = Info.plist; sourceTree = "<group>"; };
		43EBFD0A5895B361EECBD3C5 /* libPods-JHZigbangTest.a */ = {isa = PBXFileReference; explicitFileType = archive.ar; includeInIndex = 0; path = "libPods-JHZigbangTest.a"; sourceTree = BUILT_PRODUCTS_DIR; };
		A4A78992E9ACD7190EDF0C00 /* Pods-JHZigbangTest.release.xcconfig */ = {isa = PBXFileReference; includeInIndex = 1; lastKnownFileType = text.xcconfig; name = "Pods-JHZigbangTest.release.xcconfig"; path = "Pods/Target Support Files/Pods-JHZigbangTest/Pods-JHZigbangTest.release.xcconfig"; sourceTree = "<group>"; };
		D931501F4F7D1CCE0D8987EF /* Pods-JHZigbangTest.debug.xcconfig */ = {isa = PBXFileReference; includeInIndex = 1; lastKnownFileType = text.xcconfig; name = "Pods-JHZigbangTest.debug.xcconfig"; path = "Pods/Target Support Files/Pods-JHZigbangTest/Pods-JHZigbangTest.debug.xcconfig"; sourceTree = "<group>"; };
/* End PBXFileReference section */

/* Begin PBXFrameworksBuildPhase section */
		3FFE85991ECD46BA002A54EB /* Frameworks */ = {
			isa = PBXFrameworksBuildPhase;
			buildActionMask = 2147483647;
			files = (
				2944291B91E34A3B9FC55711 /* libPods-JHZigbangTest.a in Frameworks */,
			);
			runOnlyForDeploymentPostprocessing = 0;
		};
/* End PBXFrameworksBuildPhase section */

/* Begin PBXGroup section */
		3FC95BAF1ECD4C4400758A3F /* AppDelegate */ = {
			isa = PBXGroup;
			children = (
				3FFE85A21ECD46BA002A54EB /* AppDelegate.h */,
				3FFE85A31ECD46BA002A54EB /* AppDelegate.m */,
			);
			name = AppDelegate;
			sourceTree = "<group>";
		};
		3FC95BB01ECD4C5300758A3F /* Model */ = {
			isa = PBXGroup;
			children = (
				3FDFEEC81ECD819300CFC1EF /* DataCenter.h */,
				3FDFEEC91ECD819300CFC1EF /* DataCenter.m */,
				3FC95BB81ECD61C900758A3F /* JHDataSet.h */,
				3FC95BB91ECD61C900758A3F /* JHDataSet.m */,
			);
			name = Model;
			sourceTree = "<group>";
		};
		3FC95BB11ECD4C6D00758A3F /* View & Controller */ = {
			isa = PBXGroup;
			children = (
				3FFE85A51ECD46BA002A54EB /* MainViewController.h */,
				3FFE85A61ECD46BA002A54EB /* MainViewController.m */,
				3FFE85A81ECD46BA002A54EB /* Main.storyboard */,
			);
			name = "View & Controller";
			sourceTree = "<group>";
		};
		3FDFEECE1ECD83D200CFC1EF /* FakeServer */ = {
			isa = PBXGroup;
			children = (
				3FDFEECB1ECD83CC00CFC1EF /* FakeServer.h */,
				3FDFEECC1ECD83CC00CFC1EF /* FakeServer.m */,
				3F5876D41ECD664A0066A7D6 /* mobile.json */,
			);
			name = FakeServer;
			sourceTree = "<group>";
		};
		3FFE85931ECD46BA002A54EB = {
			isa = PBXGroup;
			children = (
				3FFE859E1ECD46BA002A54EB /* JHZigbangTest */,
				3FFE859D1ECD46BA002A54EB /* Products */,
				C4CCA864E08E4EF989D0A487 /* Pods */,
				6580598FCD8B9DAD672BF23D /* Frameworks */,
			);
			sourceTree = "<group>";
		};
		3FFE859D1ECD46BA002A54EB /* Products */ = {
			isa = PBXGroup;
			children = (
				3FFE859C1ECD46BA002A54EB /* JHZigbangTest.app */,
			);
			name = Products;
			sourceTree = "<group>";
		};
		3FFE859E1ECD46BA002A54EB /* JHZigbangTest */ = {
			isa = PBXGroup;
			children = (
				3FC95BAF1ECD4C4400758A3F /* AppDelegate */,
				3FDFEECE1ECD83D200CFC1EF /* FakeServer */,
				3FC95BB01ECD4C5300758A3F /* Model */,
				3FC95BB11ECD4C6D00758A3F /* View & Controller */,
				3FFE859F1ECD46BA002A54EB /* Supporting Files */,
			);
			path = JHZigbangTest;
			sourceTree = "<group>";
		};
		3FFE859F1ECD46BA002A54EB /* Supporting Files */ = {
			isa = PBXGroup;
			children = (
				3FFE85AB1ECD46BA002A54EB /* Assets.xcassets */,
				3FA80C3E1ECD49DF00A0935E /* PrefixHeader.pch */,
				3FFE85B01ECD46BA002A54EB /* Info.plist */,
				3FFE85AD1ECD46BA002A54EB /* LaunchScreen.storyboard */,
				3FFE85A01ECD46BA002A54EB /* main.m */,
			);
			name = "Supporting Files";
			sourceTree = "<group>";
		};
		6580598FCD8B9DAD672BF23D /* Frameworks */ = {
			isa = PBXGroup;
			children = (
				43EBFD0A5895B361EECBD3C5 /* libPods-JHZigbangTest.a */,
			);
			name = Frameworks;
			sourceTree = "<group>";
		};
		C4CCA864E08E4EF989D0A487 /* Pods */ = {
			isa = PBXGroup;
			children = (
				D931501F4F7D1CCE0D8987EF /* Pods-JHZigbangTest.debug.xcconfig */,
				A4A78992E9ACD7190EDF0C00 /* Pods-JHZigbangTest.release.xcconfig */,
			);
			name = Pods;
			sourceTree = "<group>";
		};
/* End PBXGroup section */

/* Begin PBXNativeTarget section */
		3FFE859B1ECD46BA002A54EB /* JHZigbangTest */ = {
			isa = PBXNativeTarget;
			buildConfigurationList = 3FFE85B31ECD46BA002A54EB /* Build configuration list for PBXNativeTarget "JHZigbangTest" */;
			buildPhases = (
				5B52C34CEA501BCF9304E820 /* [CP] Check Pods Manifest.lock */,
				3FFE85981ECD46BA002A54EB /* Sources */,
				3FFE85991ECD46BA002A54EB /* Frameworks */,
				3FFE859A1ECD46BA002A54EB /* Resources */,
				3D8FE3D4B10F127C515EC44D /* [CP] Embed Pods Frameworks */,
				9994B11D58079A4D71744A8C /* [CP] Copy Pods Resources */,
			);
			buildRules = (
			);
			dependencies = (
			);
			name = JHZigbangTest;
			productName = JHZigbangTest;
			productReference = 3FFE859C1ECD46BA002A54EB /* JHZigbangTest.app */;
			productType = "com.apple.product-type.application";
		};
/* End PBXNativeTarget section */

/* Begin PBXProject section */
		3FFE85941ECD46BA002A54EB /* Project object */ = {
			isa = PBXProject;
			attributes = {
				LastUpgradeCheck = 0830;
				ORGANIZATIONNAME = JeheonChoi;
				TargetAttributes = {
					3FFE859B1ECD46BA002A54EB = {
						CreatedOnToolsVersion = 8.3.2;
						DevelopmentTeam = NN7QXHC8A3;
						ProvisioningStyle = Automatic;
					};
				};
			};
			buildConfigurationList = 3FFE85971ECD46BA002A54EB /* Build configuration list for PBXProject "JHZigbangTest" */;
			compatibilityVersion = "Xcode 3.2";
			developmentRegion = English;
			hasScannedForEncodings = 0;
			knownRegions = (
				en,
				Base,
			);
			mainGroup = 3FFE85931ECD46BA002A54EB;
			productRefGroup = 3FFE859D1ECD46BA002A54EB /* Products */;
			projectDirPath = "";
			projectRoot = "";
			targets = (
				3FFE859B1ECD46BA002A54EB /* JHZigbangTest */,
			);
		};
/* End PBXProject section */

/* Begin PBXResourcesBuildPhase section */
		3FFE859A1ECD46BA002A54EB /* Resources */ = {
			isa = PBXResourcesBuildPhase;
			buildActionMask = 2147483647;
			files = (
				3FFE85AF1ECD46BA002A54EB /* LaunchScreen.storyboard in Resources */,
				3FFE85AC1ECD46BA002A54EB /* Assets.xcassets in Resources */,
				3FFE85AA1ECD46BA002A54EB /* Main.storyboard in Resources */,
				3F5876D51ECD664A0066A7D6 /* mobile.json in Resources */,
			);
			runOnlyForDeploymentPostprocessing = 0;
		};
/* End PBXResourcesBuildPhase section */

/* Begin PBXShellScriptBuildPhase section */
		3D8FE3D4B10F127C515EC44D /* [CP] Embed Pods Frameworks */ = {
			isa = PBXShellScriptBuildPhase;
			buildActionMask = 2147483647;
			files = (
			);
			inputPaths = (
			);
			name = "[CP] Embed Pods Frameworks";
			outputPaths = (
			);
			runOnlyForDeploymentPostprocessing = 0;
			shellPath = /bin/sh;
			shellScript = "\"${SRCROOT}/Pods/Target Support Files/Pods-JHZigbangTest/Pods-JHZigbangTest-frameworks.sh\"\n";
			showEnvVarsInLog = 0;
		};
		5B52C34CEA501BCF9304E820 /* [CP] Check Pods Manifest.lock */ = {
			isa = PBXShellScriptBuildPhase;
			buildActionMask = 2147483647;
			files = (
			);
			inputPaths = (
			);
			name = "[CP] Check Pods Manifest.lock";
			outputPaths = (
			);
			runOnlyForDeploymentPostprocessing = 0;
			shellPath = /bin/sh;
			shellScript = "diff \"${PODS_ROOT}/../Podfile.lock\" \"${PODS_ROOT}/Manifest.lock\" > /dev/null\nif [ $? != 0 ] ; then\n    # print error to STDERR\n    echo \"error: The sandbox is not in sync with the Podfile.lock. Run 'pod install' or update your CocoaPods installation.\" >&2\n    exit 1\nfi\n";
			showEnvVarsInLog = 0;
		};
		9994B11D58079A4D71744A8C /* [CP] Copy Pods Resources */ = {
			isa = PBXShellScriptBuildPhase;
			buildActionMask = 2147483647;
			files = (
			);
			inputPaths = (
			);
			name = "[CP] Copy Pods Resources";
			outputPaths = (
			);
			runOnlyForDeploymentPostprocessing = 0;
			shellPath = /bin/sh;
			shellScript = "\"${SRCROOT}/Pods/Target Support Files/Pods-JHZigbangTest/Pods-JHZigbangTest-resources.sh\"\n";
			showEnvVarsInLog = 0;
		};
/* End PBXShellScriptBuildPhase section */

/* Begin PBXSourcesBuildPhase section */
		3FFE85981ECD46BA002A54EB /* Sources */ = {
			isa = PBXSourcesBuildPhase;
			buildActionMask = 2147483647;
			files = (
				3FFE85A71ECD46BA002A54EB /* MainViewController.m in Sources */,
				3FDFEECA1ECD819300CFC1EF /* DataCenter.m in Sources */,
				3FFE85A41ECD46BA002A54EB /* AppDelegate.m in Sources */,
				3FDFEECD1ECD83CC00CFC1EF /* FakeServer.m in Sources */,
				3FC95BBA1ECD61C900758A3F /* JHDataSet.m in Sources */,
				3FFE85A11ECD46BA002A54EB /* main.m in Sources */,
			);
			runOnlyForDeploymentPostprocessing = 0;
		};
/* End PBXSourcesBuildPhase section */

/* Begin PBXVariantGroup section */
		3FFE85A81ECD46BA002A54EB /* Main.storyboard */ = {
			isa = PBXVariantGroup;
			children = (
				3FFE85A91ECD46BA002A54EB /* Base */,
			);
			name = Main.storyboard;
			sourceTree = "<group>";
		};
		3FFE85AD1ECD46BA002A54EB /* LaunchScreen.storyboard */ = {
			isa = PBXVariantGroup;
			children = (
				3FFE85AE1ECD46BA002A54EB /* Base */,
			);
			name = LaunchScreen.storyboard;
			sourceTree = "<group>";
		};
/* End PBXVariantGroup section */

/* Begin XCBuildConfiguration section */
		3FFE85B11ECD46BA002A54EB /* Debug */ = {
			isa = XCBuildConfiguration;
			buildSettings = {
				ALWAYS_SEARCH_USER_PATHS = NO;
				CLANG_ANALYZER_NONNULL = YES;
				CLANG_ANALYZER_NUMBER_OBJECT_CONVERSION = YES_AGGRESSIVE;
				CLANG_CXX_LANGUAGE_STANDARD = "gnu++0x";
				CLANG_CXX_LIBRARY = "libc++";
				CLANG_ENABLE_MODULES = YES;
				CLANG_ENABLE_OBJC_ARC = YES;
				CLANG_WARN_BOOL_CONVERSION = YES;
				CLANG_WARN_CONSTANT_CONVERSION = YES;
				CLANG_WARN_DIRECT_OBJC_ISA_USAGE = YES_ERROR;
				CLANG_WARN_DOCUMENTATION_COMMENTS = YES;
				CLANG_WARN_EMPTY_BODY = YES;
				CLANG_WARN_ENUM_CONVERSION = YES;
				CLANG_WARN_INFINITE_RECURSION = YES;
				CLANG_WARN_INT_CONVERSION = YES;
				CLANG_WARN_OBJC_ROOT_CLASS = YES_ERROR;
				CLANG_WARN_SUSPICIOUS_MOVE = YES;
				CLANG_WARN_UNREACHABLE_CODE = YES;
				CLANG_WARN__DUPLICATE_METHOD_MATCH = YES;
				"CODE_SIGN_IDENTITY[sdk=iphoneos*]" = "iPhone Developer";
				COPY_PHASE_STRIP = NO;
				DEBUG_INFORMATION_FORMAT = dwarf;
				ENABLE_STRICT_OBJC_MSGSEND = YES;
				ENABLE_TESTABILITY = YES;
				GCC_C_LANGUAGE_STANDARD = gnu99;
				GCC_DYNAMIC_NO_PIC = NO;
				GCC_NO_COMMON_BLOCKS = YES;
				GCC_OPTIMIZATION_LEVEL = 0;
				GCC_PRECOMPILE_PREFIX_HEADER = NO;
				GCC_PREPROCESSOR_DEFINITIONS = (
					"DEBUG=1",
					"$(inherited)",
				);
				GCC_WARN_64_TO_32_BIT_CONVERSION = YES;
				GCC_WARN_ABOUT_RETURN_TYPE = YES_ERROR;
				GCC_WARN_UNDECLARED_SELECTOR = YES;
				GCC_WARN_UNINITIALIZED_AUTOS = YES_AGGRESSIVE;
				GCC_WARN_UNUSED_FUNCTION = YES;
				GCC_WARN_UNUSED_VARIABLE = YES;
				IPHONEOS_DEPLOYMENT_TARGET = 10.3;
				MTL_ENABLE_DEBUG_INFO = YES;
				ONLY_ACTIVE_ARCH = YES;
				SDKROOT = iphoneos;
			};
			name = Debug;
		};
		3FFE85B21ECD46BA002A54EB /* Release */ = {
			isa = XCBuildConfiguration;
			buildSettings = {
				ALWAYS_SEARCH_USER_PATHS = NO;
				CLANG_ANALYZER_NONNULL = YES;
				CLANG_ANALYZER_NUMBER_OBJECT_CONVERSION = YES_AGGRESSIVE;
				CLANG_CXX_LANGUAGE_STANDARD = "gnu++0x";
				CLANG_CXX_LIBRARY = "libc++";
				CLANG_ENABLE_MODULES = YES;
				CLANG_ENABLE_OBJC_ARC = YES;
				CLANG_WARN_BOOL_CONVERSION = YES;
				CLANG_WARN_CONSTANT_CONVERSION = YES;
				CLANG_WARN_DIRECT_OBJC_ISA_USAGE = YES_ERROR;
				CLANG_WARN_DOCUMENTATION_COMMENTS = YES;
				CLANG_WARN_EMPTY_BODY = YES;
				CLANG_WARN_ENUM_CONVERSION = YES;
				CLANG_WARN_INFINITE_RECURSION = YES;
				CLANG_WARN_INT_CONVERSION = YES;
				CLANG_WARN_OBJC_ROOT_CLASS = YES_ERROR;
				CLANG_WARN_SUSPICIOUS_MOVE = YES;
				CLANG_WARN_UNREACHABLE_CODE = YES;
				CLANG_WARN__DUPLICATE_METHOD_MATCH = YES;
				"CODE_SIGN_IDENTITY[sdk=iphoneos*]" = "iPhone Developer";
				COPY_PHASE_STRIP = NO;
				DEBUG_INFORMATION_FORMAT = "dwarf-with-dsym";
				ENABLE_NS_ASSERTIONS = NO;
				ENABLE_STRICT_OBJC_MSGSEND = YES;
				GCC_C_LANGUAGE_STANDARD = gnu99;
				GCC_NO_COMMON_BLOCKS = YES;
				GCC_PRECOMPILE_PREFIX_HEADER = NO;
				GCC_WARN_64_TO_32_BIT_CONVERSION = YES;
				GCC_WARN_ABOUT_RETURN_TYPE = YES_ERROR;
				GCC_WARN_UNDECLARED_SELECTOR = YES;
				GCC_WARN_UNINITIALIZED_AUTOS = YES_AGGRESSIVE;
				GCC_WARN_UNUSED_FUNCTION = YES;
				GCC_WARN_UNUSED_VARIABLE = YES;
				IPHONEOS_DEPLOYMENT_TARGET = 10.3;
				MTL_ENABLE_DEBUG_INFO = NO;
				SDKROOT = iphoneos;
				VALIDATE_PRODUCT = YES;
			};
			name = Release;
		};
		3FFE85B41ECD46BA002A54EB /* Debug */ = {
			isa = XCBuildConfiguration;
			baseConfigurationReference = D931501F4F7D1CCE0D8987EF /* Pods-JHZigbangTest.debug.xcconfig */;
			buildSettings = {
				ASSETCATALOG_COMPILER_APPICON_NAME = AppIcon;
				DEVELOPMENT_TEAM = NN7QXHC8A3;
				GCC_PREFIX_HEADER = JHZigbangTest/PrefixHeader.pch;
				INFOPLIST_FILE = JHZigbangTest/Info.plist;
				LD_RUNPATH_SEARCH_PATHS = "$(inherited) @executable_path/Frameworks";
				PRODUCT_BUNDLE_IDENTIFIER = com.Jereator.JHZigbangTest;
				PRODUCT_NAME = "$(TARGET_NAME)";
			};
			name = Debug;
		};
		3FFE85B51ECD46BA002A54EB /* Release */ = {
			isa = XCBuildConfiguration;
			baseConfigurationReference = A4A78992E9ACD7190EDF0C00 /* Pods-JHZigbangTest.release.xcconfig */;
			buildSettings = {
				ASSETCATALOG_COMPILER_APPICON_NAME = AppIcon;
				DEVELOPMENT_TEAM = NN7QXHC8A3;
				GCC_PREFIX_HEADER = JHZigbangTest/PrefixHeader.pch;
				INFOPLIST_FILE = JHZigbangTest/Info.plist;
				LD_RUNPATH_SEARCH_PATHS = "$(inherited) @executable_path/Frameworks";
				PRODUCT_BUNDLE_IDENTIFIER = com.Jereator.JHZigbangTest;
				PRODUCT_NAME = "$(TARGET_NAME)";
			};
			name = Release;
		};
/* End XCBuildConfiguration section */

/* Begin XCConfigurationList section */
		3FFE85971ECD46BA002A54EB /* Build configuration list for PBXProject "JHZigbangTest" */ = {
			isa = XCConfigurationList;
			buildConfigurations = (
				3FFE85B11ECD46BA002A54EB /* Debug */,
				3FFE85B21ECD46BA002A54EB /* Release */,
			);
			defaultConfigurationIsVisible = 0;
			defaultConfigurationName = Release;
		};
		3FFE85B31ECD46BA002A54EB /* Build configuration list for PBXNativeTarget "JHZigbangTest" */ = {
			isa = XCConfigurationList;
			buildConfigurations = (
				3FFE85B41ECD46BA002A54EB /* Debug */,
				3FFE85B51ECD46BA002A54EB /* Release */,
			);
			defaultConfigurationIsVisible = 0;
			defaultConfigurationName = Release;
		};
/* End XCConfigurationList section */
	};
	rootObject = 3FFE85941ECD46BA002A54EB /* Project object */;
}
