PODS:
  - GoogleMaps (2.2.0):
    - GoogleMaps/Maps (= 2.2.0)
  - GoogleMaps/Base (2.2.0)
  - GoogleMaps/Maps (2.2.0):
    - GoogleMaps/Base
  - Realm (2.7.0):
    - Realm/Headers (= 2.7.0)
  - Realm/Headers (2.7.0)

DEPENDENCIES:
  - GoogleMaps
  - Realm

SPEC CHECKSUMS:
  GoogleMaps: 104c418d61ab8a05dff06ed0784c25ea9d37da45
  Realm: 07e5d3a9e0e41d65fd5f9f05150ed6295d0f093b

PODFILE CHECKSUM: c56f68db46f8d3ba973bf11b9804c3efeeaf93f1

COCOAPODS: 1.2.0.beta.1
